PODS:
  - GrowingAnalytics-cdp/Autotracker (3.1.1-beta):
    - GrowingAnalytics-cdp/TrackerCore (= 3.1.1-beta)
    - GrowingAnalytics/AutotrackerCore (= 3.1.1-beta)
  - GrowingAnalytics-cdp/Tracker (3.1.1-beta):
    - GrowingAnalytics-cdp/TrackerCore (= 3.1.1-beta)
  - GrowingAnalytics-cdp/TrackerCore (3.1.1-beta):
    - GrowingAnalytics/TrackerCore (= 3.1.1-beta)
  - GrowingAnalytics/AutotrackerCore (3.1.1-beta):
    - GrowingAnalytics/TrackerCore
  - GrowingAnalytics/TrackerCore (3.1.1-beta)
  - KIF (3.7.11):
    - KIF/Core (= 3.7.11)
  - KIF/Core (3.7.11)
  - MBProgressHUD (1.2.0)
  - MJRefresh (3.5.0)
  - SDCycleScrollView (1.82):
    - SDWebImage (>= 5.0.0)
  - SDWebImage (5.9.5):
    - SDWebImage/Core (= 5.9.5)
  - SDWebImage/Core (5.9.5)

DEPENDENCIES:
  - GrowingAnalytics-cdp/Autotracker (from `./`)
  - GrowingAnalytics-cdp/Tracker (from `./`)
  - GrowingAnalytics/TrackerCore (from `./../growingio-sdk-ios-autotracker/`)
  - KIF
  - MBProgressHUD
  - MJRefresh
  - SDCycleScrollView (~> 1.75)

SPEC REPOS:
  https://github.com/CocoaPods/Specs.git:
    - KIF
    - MBProgressHUD
    - MJRefresh
    - SDCycleScrollView
    - SDWebImage

EXTERNAL SOURCES:
  GrowingAnalytics:
    :path: "./../growingio-sdk-ios-autotracker/"
  GrowingAnalytics-cdp:
    :path: "./"

SPEC CHECKSUMS:
  GrowingAnalytics: b46e70994275f5773e34309c1d561481d744002e
  GrowingAnalytics-cdp: c690b0c16c323825e0cbdb93a626f7d31ac52d0b
  KIF: 927c502455cd746771c57e9b3a5123c67c7fa0b5
  MBProgressHUD: 3ee5efcc380f6a79a7cc9b363dd669c5e1ae7406
  MJRefresh: 6afc955813966afb08305477dd7a0d9ad5e79a16
  SDCycleScrollView: a0d74c3384caa72bdfc81470bdbc8c14b3e1fbcf
  SDWebImage: 0b2ba0d56479bf6a45ecddbfd5558bea93150d25

PODFILE CHECKSUM: 26860467b174f6b112ff93a1ebaa20e83021b287

COCOAPODS: 1.10.1
