PODS:
  - GrowingAnalytics-cdp/Autotracker (3.0.1):
    - GrowingAnalytics-cdp/TrackerCore (= 3.0.1)
    - GrowingAnalytics/AutotrackerCore (= 3.0.1)
  - GrowingAnalytics-cdp/TrackerCore (3.0.1):
    - GrowingAnalytics/TrackerCore (= 3.0.1)
  - GrowingAnalytics/AutotrackerCore (3.0.1):
    - GrowingAnalytics/TrackerCore
  - GrowingAnalytics/TrackerCore (3.0.1)
  - KIF (3.7.11):
    - KIF/Core (= 3.7.11)
  - KIF/Core (3.7.11)
  - MBProgressHUD (1.2.0)
  - MJRefresh (3.5.0)
  - SDCycleScrollView (1.82):
    - SDWebImage (>= 5.0.0)
  - SDWebImage (5.9.5):
    - SDWebImage/Core (= 5.9.5)
  - SDWebImage/Core (5.9.5)

DEPENDENCIES:
  - GrowingAnalytics-cdp/Autotracker (from `./`)
  - KIF
  - MBProgressHUD
  - MJRefresh
  - SDCycleScrollView (~> 1.75)

SPEC REPOS:
  https://github.com/CocoaPods/Specs.git:
    - GrowingAnalytics
    - KIF
    - MBProgressHUD
    - MJRefresh
    - SDCycleScrollView
    - SDWebImage

EXTERNAL SOURCES:
  GrowingAnalytics-cdp:
    :path: "./"

SPEC CHECKSUMS:
  GrowingAnalytics: db289128e54cf49d6aa01060149f3ce02b2df1fc
  GrowingAnalytics-cdp: b5af00fc0181ab606d8504548deeaaa202d99778
  KIF: 927c502455cd746771c57e9b3a5123c67c7fa0b5
  MBProgressHUD: 3ee5efcc380f6a79a7cc9b363dd669c5e1ae7406
  MJRefresh: 6afc955813966afb08305477dd7a0d9ad5e79a16
  SDCycleScrollView: a0d74c3384caa72bdfc81470bdbc8c14b3e1fbcf
  SDWebImage: 0b2ba0d56479bf6a45ecddbfd5558bea93150d25

PODFILE CHECKSUM: d920348c7a8f8d911d0b43783b6fd5b3b9ec068d

COCOAPODS: 1.9.1
